
Microsoft Visual Studio Solution File, Format Version 12.00
# Visual Studio Version 16
VisualStudioVersion = 16.0.30011.22
MinimumVisualStudioVersion = 10.0.40219.1
Project("{FAE04EC0-301F-11D3-BF4B-00C04F79EFBC}") = "Hakaton", "Hakaton.csproj", "{F2A06363-C848-48E0-AD62-62121E5DD651}"
EndProject
Global
	GlobalSection(SolutionConfigurationPlatforms) = preSolution
		Debug|Any CPU = Debug|Any CPU
		Release|Any CPU = Release|Any CPU
	EndGlobalSection
	GlobalSection(ProjectConfigurationPlatforms) = postSolution
		{F2A06363-C848-48E0-AD62-62121E5DD651}.Debug|Any CPU.ActiveCfg = Debug|Any CPU
		{F2A06363-C848-48E0-AD62-62121E5DD651}.Debug|Any CPU.Build.0 = Debug|Any CPU
		{F2A06363-C848-48E0-AD62-62121E5DD651}.Release|Any CPU.ActiveCfg = Release|Any CPU
		{F2A06363-C848-48E0-AD62-62121E5DD651}.Release|Any CPU.Build.0 = Release|Any CPU
	EndGlobalSection
	GlobalSection(SolutionProperties) = preSolution
		HideSolutionNode = FALSE
	EndGlobalSection
	GlobalSection(ExtensibilityGlobals) = postSolution
		SolutionGuid = {3752EA2C-106C-4F26-8598-BE68054C704A}
	EndGlobalSection
EndGlobal
